
Microsoft Visual Studio Solution File, Format Version 12.00
# Visual Studio Version 16
VisualStudioVersion = 16.0.30621.155
MinimumVisualStudioVersion = 10.0.40219.1
Project("{FAE04EC0-301F-11D3-BF4B-00C04F79EFBC}") = "MongoDB", "mONGOdb\MongoDB.csproj", "{EDCCB1F2-DA76-46C1-80E3-28BC190BE217}"
EndProject
Global
	GlobalSection(SolutionConfigurationPlatforms) = preSolution
		Debug|Any CPU = Debug|Any CPU
		Release|Any CPU = Release|Any CPU
	EndGlobalSection
	GlobalSection(ProjectConfigurationPlatforms) = postSolution
		{EDCCB1F2-DA76-46C1-80E3-28BC190BE217}.Debug|Any CPU.ActiveCfg = Debug|Any CPU
		{EDCCB1F2-DA76-46C1-80E3-28BC190BE217}.Debug|Any CPU.Build.0 = Debug|Any CPU
		{EDCCB1F2-DA76-46C1-80E3-28BC190BE217}.Release|Any CPU.ActiveCfg = Release|Any CPU
		{EDCCB1F2-DA76-46C1-80E3-28BC190BE217}.Release|Any CPU.Build.0 = Release|Any CPU
	EndGlobalSection
	GlobalSection(SolutionProperties) = preSolution
		HideSolutionNode = FALSE
	EndGlobalSection
	GlobalSection(ExtensibilityGlobals) = postSolution
		SolutionGuid = {A265EAFF-4757-415E-9EF0-389781736346}
	EndGlobalSection
EndGlobal
